// !$*UTF8*$!
{
	archiveVersion = 1;
	classes = {
	};
	objectVersion = 56;
	objects = {

/* Begin PBXBuildFile section */
		16C89FB52AECC68C000CF7A4 /* SwiftifyApp.swift in Sources */ = {isa = PBXBuildFile; fileRef = 16C89FB42AECC68C000CF7A4 /* SwiftifyApp.swift */; };
		16C89FB72AECC68C000CF7A4 /* HomeView.swift in Sources */ = {isa = PBXBuildFile; fileRef = 16C89FB62AECC68C000CF7A4 /* HomeView.swift */; };
		16C89FB92AECC68E000CF7A4 /* Assets.xcassets in Resources */ = {isa = PBXBuildFile; fileRef = 16C89FB82AECC68E000CF7A4 /* Assets.xcassets */; };
		16C89FBC2AECC68E000CF7A4 /* Preview Assets.xcassets in Resources */ = {isa = PBXBuildFile; fileRef = 16C89FBB2AECC68E000CF7A4 /* Preview Assets.xcassets */; };
		16C89FC82AECC93C000CF7A4 /* ContentModel.swift in Sources */ = {isa = PBXBuildFile; fileRef = 16C89FC72AECC93C000CF7A4 /* ContentModel.swift */; };
		16C89FCB2AECCA9F000CF7A4 /* data.json in Resources */ = {isa = PBXBuildFile; fileRef = 16C89FC92AECCA9F000CF7A4 /* data.json */; };
		16C89FCC2AECCA9F000CF7A4 /* style.html in Resources */ = {isa = PBXBuildFile; fileRef = 16C89FCA2AECCA9F000CF7A4 /* style.html */; };
		16D81B372AED95B900853A67 /* Models.swift in Sources */ = {isa = PBXBuildFile; fileRef = 16D81B362AED95B900853A67 /* Models.swift */; };
/* End PBXBuildFile section */

/* Begin PBXFileReference section */
		16C89FB12AECC68C000CF7A4 /* Swiftify.app */ = {isa = PBXFileReference; explicitFileType = wrapper.application; includeInIndex = 0; path = Swiftify.app; sourceTree = BUILT_PRODUCTS_DIR; };
		16C89FB42AECC68C000CF7A4 /* SwiftifyApp.swift */ = {isa = PBXFileReference; lastKnownFileType = sourcecode.swift; path = SwiftifyApp.swift; sourceTree = "<group>"; };
		16C89FB62AECC68C000CF7A4 /* HomeView.swift */ = {isa = PBXFileReference; lastKnownFileType = sourcecode.swift; path = HomeView.swift; sourceTree = "<group>"; };
		16C89FB82AECC68E000CF7A4 /* Assets.xcassets */ = {isa = PBXFileReference; lastKnownFileType = folder.assetcatalog; path = Assets.xcassets; sourceTree = "<group>"; };
		16C89FBB2AECC68E000CF7A4 /* Preview Assets.xcassets */ = {isa = PBXFileReference; lastKnownFileType = folder.assetcatalog; path = "Preview Assets.xcassets"; sourceTree = "<group>"; };
		16C89FC72AECC93C000CF7A4 /* ContentModel.swift */ = {isa = PBXFileReference; lastKnownFileType = sourcecode.swift; path = ContentModel.swift; sourceTree = "<group>"; };
		16C89FC92AECCA9F000CF7A4 /* data.json */ = {isa = PBXFileReference; fileEncoding = 4; lastKnownFileType = text.json; path = data.json; sourceTree = "<group>"; };
		16C89FCA2AECCA9F000CF7A4 /* style.html */ = {isa = PBXFileReference; fileEncoding = 4; lastKnownFileType = text.html; path = style.html; sourceTree = "<group>"; };
		16D81B362AED95B900853A67 /* Models.swift */ = {isa = PBXFileReference; lastKnownFileType = sourcecode.swift; path = Models.swift; sourceTree = "<group>"; };
/* End PBXFileReference section */

/* Begin PBXFrameworksBuildPhase section */
		16C89FAE2AECC68C000CF7A4 /* Frameworks */ = {
			isa = PBXFrameworksBuildPhase;
			buildActionMask = 2147483647;
			files = (
			);
			runOnlyForDeploymentPostprocessing = 0;
		};
/* End PBXFrameworksBuildPhase section */

/* Begin PBXGroup section */
		16C89FA82AECC68C000CF7A4 = {
			isa = PBXGroup;
			children = (
				16C89FB32AECC68C000CF7A4 /* Swiftify */,
				16C89FB22AECC68C000CF7A4 /* Products */,
			);
			sourceTree = "<group>";
		};
		16C89FB22AECC68C000CF7A4 /* Products */ = {
			isa = PBXGroup;
			children = (
				16C89FB12AECC68C000CF7A4 /* Swiftify.app */,
			);
			name = Products;
			sourceTree = "<group>";
		};
		16C89FB32AECC68C000CF7A4 /* Swiftify */ = {
			isa = PBXGroup;
			children = (
				16C89FB42AECC68C000CF7A4 /* SwiftifyApp.swift */,
				16C89FC22AECC8F6000CF7A4 /* Views */,
				16C89FC32AECC8FE000CF7A4 /* Models */,
				16C89FC42AECC903000CF7A4 /* ViewModels */,
				16C89FC62AECC912000CF7A4 /* Helpers */,
				16C89FC52AECC90B000CF7A4 /* Resources */,
				16C89FB82AECC68E000CF7A4 /* Assets.xcassets */,
				16C89FBA2AECC68E000CF7A4 /* Preview Content */,
			);
			path = Swiftify;
			sourceTree = "<group>";
		};
		16C89FBA2AECC68E000CF7A4 /* Preview Content */ = {
			isa = PBXGroup;
			children = (
				16C89FBB2AECC68E000CF7A4 /* Preview Assets.xcassets */,
			);
			path = "Preview Content";
			sourceTree = "<group>";
		};
		16C89FC22AECC8F6000CF7A4 /* Views */ = {
			isa = PBXGroup;
			children = (
				16C89FB62AECC68C000CF7A4 /* HomeView.swift */,
			);
			path = Views;
			sourceTree = "<group>";
		};
		16C89FC32AECC8FE000CF7A4 /* Models */ = {
			isa = PBXGroup;
			children = (
				16D81B362AED95B900853A67 /* Models.swift */,
			);
			path = Models;
			sourceTree = "<group>";
		};
		16C89FC42AECC903000CF7A4 /* ViewModels */ = {
			isa = PBXGroup;
			children = (
				16C89FC72AECC93C000CF7A4 /* ContentModel.swift */,
			);
			path = ViewModels;
			sourceTree = "<group>";
		};
		16C89FC52AECC90B000CF7A4 /* Resources */ = {
			isa = PBXGroup;
			children = (
				16C89FC92AECCA9F000CF7A4 /* data.json */,
				16C89FCA2AECCA9F000CF7A4 /* style.html */,
			);
			path = Resources;
			sourceTree = "<group>";
		};
		16C89FC62AECC912000CF7A4 /* Helpers */ = {
			isa = PBXGroup;
			children = (
			);
			path = Helpers;
			sourceTree = "<group>";
		};
/* End PBXGroup section */

/* Begin PBXNativeTarget section */
		16C89FB02AECC68C000CF7A4 /* Swiftify */ = {
			isa = PBXNativeTarget;
			buildConfigurationList = 16C89FBF2AECC68E000CF7A4 /* Build configuration list for PBXNativeTarget "Swiftify" */;
			buildPhases = (
				16C89FAD2AECC68C000CF7A4 /* Sources */,
				16C89FAE2AECC68C000CF7A4 /* Frameworks */,
				16C89FAF2AECC68C000CF7A4 /* Resources */,
			);
			buildRules = (
			);
			dependencies = (
			);
			name = Swiftify;
			productName = Swiftify;
			productReference = 16C89FB12AECC68C000CF7A4 /* Swiftify.app */;
			productType = "com.apple.product-type.application";
		};
/* End PBXNativeTarget section */

/* Begin PBXProject section */
		16C89FA92AECC68C000CF7A4 /* Project object */ = {
			isa = PBXProject;
			attributes = {
				BuildIndependentTargetsInParallel = 1;
				LastSwiftUpdateCheck = 1430;
				LastUpgradeCheck = 1430;
				TargetAttributes = {
					16C89FB02AECC68C000CF7A4 = {
						CreatedOnToolsVersion = 14.3;
					};
				};
			};
			buildConfigurationList = 16C89FAC2AECC68C000CF7A4 /* Build configuration list for PBXProject "Swiftify" */;
			compatibilityVersion = "Xcode 14.0";
			developmentRegion = en;
			hasScannedForEncodings = 0;
			knownRegions = (
				en,
				Base,
			);
			mainGroup = 16C89FA82AECC68C000CF7A4;
			productRefGroup = 16C89FB22AECC68C000CF7A4 /* Products */;
			projectDirPath = "";
			projectRoot = "";
			targets = (
				16C89FB02AECC68C000CF7A4 /* Swiftify */,
			);
		};
/* End PBXProject section */

/* Begin PBXResourcesBuildPhase section */
		16C89FAF2AECC68C000CF7A4 /* Resources */ = {
			isa = PBXResourcesBuildPhase;
			buildActionMask = 2147483647;
			files = (
				16C89FBC2AECC68E000CF7A4 /* Preview Assets.xcassets in Resources */,
				16C89FCB2AECCA9F000CF7A4 /* data.json in Resources */,
				16C89FCC2AECCA9F000CF7A4 /* style.html in Resources */,
				16C89FB92AECC68E000CF7A4 /* Assets.xcassets in Resources */,
			);
			runOnlyForDeploymentPostprocessing = 0;
		};
/* End PBXResourcesBuildPhase section */

/* Begin PBXSourcesBuildPhase section */
		16C89FAD2AECC68C000CF7A4 /* Sources */ = {
			isa = PBXSourcesBuildPhase;
			buildActionMask = 2147483647;
			files = (
				16C89FB72AECC68C000CF7A4 /* HomeView.swift in Sources */,
				16C89FB52AECC68C000CF7A4 /* SwiftifyApp.swift in Sources */,
				16C89FC82AECC93C000CF7A4 /* ContentModel.swift in Sources */,
				16D81B372AED95B900853A67 /* Models.swift in Sources */,
			);
			runOnlyForDeploymentPostprocessing = 0;
		};
/* End PBXSourcesBuildPhase section */

/* Begin XCBuildConfiguration section */
		16C89FBD2AECC68E000CF7A4 /* Debug */ = {
			isa = XCBuildConfiguration;
			buildSettings = {
				ALWAYS_SEARCH_USER_PATHS = NO;
				CLANG_ANALYZER_NONNULL = YES;
				CLANG_ANALYZER_NUMBER_OBJECT_CONVERSION = YES_AGGRESSIVE;
				CLANG_CXX_LANGUAGE_STANDARD = "gnu++20";
				CLANG_ENABLE_MODULES = YES;
				CLANG_ENABLE_OBJC_ARC = YES;
				CLANG_ENABLE_OBJC_WEAK = YES;
				CLANG_WARN_BLOCK_CAPTURE_AUTORELEASING = YES;
				CLANG_WARN_BOOL_CONVERSION = YES;
				CLANG_WARN_COMMA = YES;
				CLANG_WARN_CONSTANT_CONVERSION = YES;
				CLANG_WARN_DEPRECATED_OBJC_IMPLEMENTATIONS = YES;
				CLANG_WARN_DIRECT_OBJC_ISA_USAGE = YES_ERROR;
				CLANG_WARN_DOCUMENTATION_COMMENTS = YES;
				CLANG_WARN_EMPTY_BODY = YES;
				CLANG_WARN_ENUM_CONVERSION = YES;
				CLANG_WARN_INFINITE_RECURSION = YES;
				CLANG_WARN_INT_CONVERSION = YES;
				CLANG_WARN_NON_LITERAL_NULL_CONVERSION = YES;
				CLANG_WARN_OBJC_IMPLICIT_RETAIN_SELF = YES;
				CLANG_WARN_OBJC_LITERAL_CONVERSION = YES;
				CLANG_WARN_OBJC_ROOT_CLASS = YES_ERROR;
				CLANG_WARN_QUOTED_INCLUDE_IN_FRAMEWORK_HEADER = YES;
				CLANG_WARN_RANGE_LOOP_ANALYSIS = YES;
				CLANG_WARN_STRICT_PROTOTYPES = YES;
				CLANG_WARN_SUSPICIOUS_MOVE = YES;
				CLANG_WARN_UNGUARDED_AVAILABILITY = YES_AGGRESSIVE;
				CLANG_WARN_UNREACHABLE_CODE = YES;
				CLANG_WARN__DUPLICATE_METHOD_MATCH = YES;
				COPY_PHASE_STRIP = NO;
				DEBUG_INFORMATION_FORMAT = dwarf;
				ENABLE_STRICT_OBJC_MSGSEND = YES;
				ENABLE_TESTABILITY = YES;
				GCC_C_LANGUAGE_STANDARD = gnu11;
				GCC_DYNAMIC_NO_PIC = NO;
				GCC_NO_COMMON_BLOCKS = YES;
				GCC_OPTIMIZATION_LEVEL = 0;
				GCC_PREPROCESSOR_DEFINITIONS = (
					"DEBUG=1",
					"$(inherited)",
				);
				GCC_WARN_64_TO_32_BIT_CONVERSION = YES;
				GCC_WARN_ABOUT_RETURN_TYPE = YES_ERROR;
				GCC_WARN_UNDECLARED_SELECTOR = YES;
				GCC_WARN_UNINITIALIZED_AUTOS = YES_AGGRESSIVE;
				GCC_WARN_UNUSED_FUNCTION = YES;
				GCC_WARN_UNUSED_VARIABLE = YES;
				IPHONEOS_DEPLOYMENT_TARGET = 16.4;
				MTL_ENABLE_DEBUG_INFO = INCLUDE_SOURCE;
				MTL_FAST_MATH = YES;
				ONLY_ACTIVE_ARCH = YES;
				SDKROOT = iphoneos;
				SWIFT_ACTIVE_COMPILATION_CONDITIONS = DEBUG;
				SWIFT_OPTIMIZATION_LEVEL = "-Onone";
			};
			name = Debug;
		};
		16C89FBE2AECC68E000CF7A4 /* Release */ = {
			isa = XCBuildConfiguration;
			buildSettings = {
				ALWAYS_SEARCH_USER_PATHS = NO;
				CLANG_ANALYZER_NONNULL = YES;
				CLANG_ANALYZER_NUMBER_OBJECT_CONVERSION = YES_AGGRESSIVE;
				CLANG_CXX_LANGUAGE_STANDARD = "gnu++20";
				CLANG_ENABLE_MODULES = YES;
				CLANG_ENABLE_OBJC_ARC = YES;
				CLANG_ENABLE_OBJC_WEAK = YES;
				CLANG_WARN_BLOCK_CAPTURE_AUTORELEASING = YES;
				CLANG_WARN_BOOL_CONVERSION = YES;
				CLANG_WARN_COMMA = YES;
				CLANG_WARN_CONSTANT_CONVERSION = YES;
				CLANG_WARN_DEPRECATED_OBJC_IMPLEMENTATIONS = YES;
				CLANG_WARN_DIRECT_OBJC_ISA_USAGE = YES_ERROR;
				CLANG_WARN_DOCUMENTATION_COMMENTS = YES;
				CLANG_WARN_EMPTY_BODY = YES;
				CLANG_WARN_ENUM_CONVERSION = YES;
				CLANG_WARN_INFINITE_RECURSION = YES;
				CLANG_WARN_INT_CONVERSION = YES;
				CLANG_WARN_NON_LITERAL_NULL_CONVERSION = YES;
				CLANG_WARN_OBJC_IMPLICIT_RETAIN_SELF = YES;
				CLANG_WARN_OBJC_LITERAL_CONVERSION = YES;
				CLANG_WARN_OBJC_ROOT_CLASS = YES_ERROR;
				CLANG_WARN_QUOTED_INCLUDE_IN_FRAMEWORK_HEADER = YES;
				CLANG_WARN_RANGE_LOOP_ANALYSIS = YES;
				CLANG_WARN_STRICT_PROTOTYPES = YES;
				CLANG_WARN_SUSPICIOUS_MOVE = YES;
				CLANG_WARN_UNGUARDED_AVAILABILITY = YES_AGGRESSIVE;
				CLANG_WARN_UNREACHABLE_CODE = YES;
				CLANG_WARN__DUPLICATE_METHOD_MATCH = YES;
				COPY_PHASE_STRIP = NO;
				DEBUG_INFORMATION_FORMAT = "dwarf-with-dsym";
				ENABLE_NS_ASSERTIONS = NO;
				ENABLE_STRICT_OBJC_MSGSEND = YES;
				GCC_C_LANGUAGE_STANDARD = gnu11;
				GCC_NO_COMMON_BLOCKS = YES;
				GCC_WARN_64_TO_32_BIT_CONVERSION = YES;
				GCC_WARN_ABOUT_RETURN_TYPE = YES_ERROR;
				GCC_WARN_UNDECLARED_SELECTOR = YES;
				GCC_WARN_UNINITIALIZED_AUTOS = YES_AGGRESSIVE;
				GCC_WARN_UNUSED_FUNCTION = YES;
				GCC_WARN_UNUSED_VARIABLE = YES;
				IPHONEOS_DEPLOYMENT_TARGET = 16.4;
				MTL_ENABLE_DEBUG_INFO = NO;
				MTL_FAST_MATH = YES;
				SDKROOT = iphoneos;
				SWIFT_COMPILATION_MODE = wholemodule;
				SWIFT_OPTIMIZATION_LEVEL = "-O";
				VALIDATE_PRODUCT = YES;
			};
			name = Release;
		};
		16C89FC02AECC68E000CF7A4 /* Debug */ = {
			isa = XCBuildConfiguration;
			buildSettings = {
				ASSETCATALOG_COMPILER_APPICON_NAME = AppIcon;
				ASSETCATALOG_COMPILER_GLOBAL_ACCENT_COLOR_NAME = AccentColor;
				CODE_SIGN_STYLE = Automatic;
				CURRENT_PROJECT_VERSION = 1;
				DEVELOPMENT_ASSET_PATHS = "\"Swiftify/Preview Content\"";
				DEVELOPMENT_TEAM = MGX4V5XP6T;
				ENABLE_PREVIEWS = YES;
				GENERATE_INFOPLIST_FILE = YES;
				INFOPLIST_KEY_UIApplicationSceneManifest_Generation = YES;
				INFOPLIST_KEY_UIApplicationSupportsIndirectInputEvents = YES;
				INFOPLIST_KEY_UILaunchScreen_Generation = YES;
				INFOPLIST_KEY_UISupportedInterfaceOrientations_iPad = "UIInterfaceOrientationPortrait UIInterfaceOrientationPortraitUpsideDown UIInterfaceOrientationLandscapeLeft UIInterfaceOrientationLandscapeRight";
				INFOPLIST_KEY_UISupportedInterfaceOrientations_iPhone = "UIInterfaceOrientationPortrait UIInterfaceOrientationLandscapeLeft UIInterfaceOrientationLandscapeRight";
				LD_RUNPATH_SEARCH_PATHS = (
					"$(inherited)",
					"@executable_path/Frameworks",
				);
				MARKETING_VERSION = 1.0;
				PRODUCT_BUNDLE_IDENTIFIER = com.hoover.Swiftify;
				PRODUCT_NAME = "$(TARGET_NAME)";
				SWIFT_EMIT_LOC_STRINGS = YES;
				SWIFT_VERSION = 5.0;
				TARGETED_DEVICE_FAMILY = "1,2";
			};
			name = Debug;
		};
		16C89FC12AECC68E000CF7A4 /* Release */ = {
			isa = XCBuildConfiguration;
			buildSettings = {
				ASSETCATALOG_COMPILER_APPICON_NAME = AppIcon;
				ASSETCATALOG_COMPILER_GLOBAL_ACCENT_COLOR_NAME = AccentColor;
				CODE_SIGN_STYLE = Automatic;
				CURRENT_PROJECT_VERSION = 1;
				DEVELOPMENT_ASSET_PATHS = "\"Swiftify/Preview Content\"";
				DEVELOPMENT_TEAM = MGX4V5XP6T;
				ENABLE_PREVIEWS = YES;
				GENERATE_INFOPLIST_FILE = YES;
				INFOPLIST_KEY_UIApplicationSceneManifest_Generation = YES;
				INFOPLIST_KEY_UIApplicationSupportsIndirectInputEvents = YES;
				INFOPLIST_KEY_UILaunchScreen_Generation = YES;
				INFOPLIST_KEY_UISupportedInterfaceOrientations_iPad = "UIInterfaceOrientationPortrait UIInterfaceOrientationPortraitUpsideDown UIInterfaceOrientationLandscapeLeft UIInterfaceOrientationLandscapeRight";
				INFOPLIST_KEY_UISupportedInterfaceOrientations_iPhone = "UIInterfaceOrientationPortrait UIInterfaceOrientationLandscapeLeft UIInterfaceOrientationLandscapeRight";
				LD_RUNPATH_SEARCH_PATHS = (
					"$(inherited)",
					"@executable_path/Frameworks",
				);
				MARKETING_VERSION = 1.0;
				PRODUCT_BUNDLE_IDENTIFIER = com.hoover.Swiftify;
				PRODUCT_NAME = "$(TARGET_NAME)";
				SWIFT_EMIT_LOC_STRINGS = YES;
				SWIFT_VERSION = 5.0;
				TARGETED_DEVICE_FAMILY = "1,2";
			};
			name = Release;
		};
/* End XCBuildConfiguration section */

/* Begin XCConfigurationList section */
		16C89FAC2AECC68C000CF7A4 /* Build configuration list for PBXProject "Swiftify" */ = {
			isa = XCConfigurationList;
			buildConfigurations = (
				16C89FBD2AECC68E000CF7A4 /* Debug */,
				16C89FBE2AECC68E000CF7A4 /* Release */,
			);
			defaultConfigurationIsVisible = 0;
			defaultConfigurationName = Release;
		};
		16C89FBF2AECC68E000CF7A4 /* Build configuration list for PBXNativeTarget "Swiftify" */ = {
			isa = XCConfigurationList;
			buildConfigurations = (
				16C89FC02AECC68E000CF7A4 /* Debug */,
				16C89FC12AECC68E000CF7A4 /* Release */,
			);
			defaultConfigurationIsVisible = 0;
			defaultConfigurationName = Release;
		};
/* End XCConfigurationList section */
	};
	rootObject = 16C89FA92AECC68C000CF7A4 /* Project object */;
}
